{
    "_meta": {
        "hash": {
            "sha256": "53f973d13c370fa1b00f2cfe45b6c2ba4ed4eeea0b3a72fa86d654ce02e1b8e1"
        },
        "pipfile-spec": 6,
        "requires": {
            "python_version": "3.9"
        },
        "sources": [
            {
                "name": "pypi",
                "url": "https://pypi.org/simple",
                "verify_ssl": true
            }
        ]
    },
    "default": {
        "altgraph": {
            "hashes": [
                "sha256:743628f2ac6a7c26f5d9223c91ed8ecbba535f506f4b6f558885a8a56a105857",
                "sha256:ebf2269361b47d97b3b88e696439f6e4cbc607c17c51feb1754f90fb79839158"
            ],
            "version": "==0.17.2"
        },
        "click": {
            "hashes": [
                "sha256:d2b5255c7c6349bc1bd1e59e08cd12acbbd63ce649f2588755783aa94dfb6b1a",
                "sha256:dacca89f4bfadd5de3d7489b7c8a566eee0d3676333fbb50030263894c38c0dc"
            ],
            "markers": "python_version >= '2.7' and python_version not in '3.0, 3.1, 3.2, 3.3, 3.4'",
            "version": "==7.1.2"
        },
        "fpdf": {
            "hashes": [
                "sha256:0a94eb783ee933e32a44ad949a1aa6c3ca6fb35b608db53f8b216aec52fc1fb5",
                "sha256:125840783289e7d12552b1e86ab692c37322e7a65b96a99e0ea86cca041b6779",
                "sha256:9542f6ad0791d673955da954a0cf3554a0affac79deab87bee06b9b4d4e60990"
            ],
            "index": "pypi",
            "version": "==1.7.2"
        },
        "future": {
            "hashes": [
                "sha256:b1bead90b70cf6ec3f0710ae53a525360fa360d306a86583adc6bf83a4db537d"
            ],
            "markers": "python_version >= '2.6' and python_version not in '3.0, 3.1, 3.2, 3.3'",
            "version": "==0.18.2"
        },
        "pefile": {
            "hashes": [
                "sha256:344a49e40a94e10849f0fe34dddc80f773a12b40675bf2f7be4b8be578bdd94a"
            ],
            "markers": "sys_platform == 'win32'",
            "version": "==2021.9.3"
        },
        "pillow": {
            "hashes": [
                "sha256:088df396b047477dd1bbc7de6e22f58400dae2f21310d9e2ec2933b2ef7dfa4f",
                "sha256:09e67ef6e430f90caa093528bd758b0616f8165e57ed8d8ce014ae32df6a831d",
                "sha256:0b4d5ad2cd3a1f0d1df882d926b37dbb2ab6c823ae21d041b46910c8f8cd844b",
                "sha256:0b525a356680022b0af53385944026d3486fc8c013638cf9900eb87c866afb4c",
                "sha256:1d4331aeb12f6b3791911a6da82de72257a99ad99726ed6b63f481c0184b6fb9",
                "sha256:20d514c989fa28e73a5adbddd7a171afa5824710d0ab06d4e1234195d2a2e546",
                "sha256:2b291cab8a888658d72b575a03e340509b6b050b62db1f5539dd5cd18fd50578",
                "sha256:3f6c1716c473ebd1649663bf3b42702d0d53e27af8b64642be0dd3598c761fb1",
                "sha256:42dfefbef90eb67c10c45a73a9bc1599d4dac920f7dfcbf4ec6b80cb620757fe",
                "sha256:488f3383cf5159907d48d32957ac6f9ea85ccdcc296c14eca1a4e396ecc32098",
                "sha256:4d45dbe4b21a9679c3e8b3f7f4f42a45a7d3ddff8a4a16109dff0e1da30a35b2",
                "sha256:53c27bd452e0f1bc4bfed07ceb235663a1df7c74df08e37fd6b03eb89454946a",
                "sha256:55e74faf8359ddda43fee01bffbc5bd99d96ea508d8a08c527099e84eb708f45",
                "sha256:59789a7d06c742e9d13b883d5e3569188c16acb02eeed2510fd3bfdbc1bd1530",
                "sha256:5b650dbbc0969a4e226d98a0b440c2f07a850896aed9266b6fedc0f7e7834108",
                "sha256:66daa16952d5bf0c9d5389c5e9df562922a59bd16d77e2a276e575d32e38afd1",
                "sha256:6e760cf01259a1c0a50f3c845f9cad1af30577fd8b670339b1659c6d0e7a41dd",
                "sha256:7502539939b53d7565f3d11d87c78e7ec900d3c72945d4ee0e2f250d598309a0",
                "sha256:769a7f131a2f43752455cc72f9f7a093c3ff3856bf976c5fb53a59d0ccc704f6",
                "sha256:7c150dbbb4a94ea4825d1e5f2c5501af7141ea95825fadd7829f9b11c97aaf6c",
                "sha256:8844217cdf66eabe39567118f229e275f0727e9195635a15e0e4b9227458daaf",
                "sha256:8a66fe50386162df2da701b3722781cbe90ce043e7d53c1fd6bd801bca6b48d4",
                "sha256:9370d6744d379f2de5d7fa95cdbd3a4d92f0b0ef29609b4b1687f16bc197063d",
                "sha256:937a54e5694684f74dcbf6e24cc453bfc5b33940216ddd8f4cd8f0f79167f765",
                "sha256:9c857532c719fb30fafabd2371ce9b7031812ff3889d75273827633bca0c4602",
                "sha256:a4165205a13b16a29e1ac57efeee6be2dfd5b5408122d59ef2145bc3239fa340",
                "sha256:b3fe2ff1e1715d4475d7e2c3e8dabd7c025f4410f79513b4ff2de3d51ce0fa9c",
                "sha256:b6617221ff08fbd3b7a811950b5c3f9367f6e941b86259843eab77c8e3d2b56b",
                "sha256:b761727ed7d593e49671d1827044b942dd2f4caae6e51bab144d4accf8244a84",
                "sha256:baf3be0b9446a4083cc0c5bb9f9c964034be5374b5bc09757be89f5d2fa247b8",
                "sha256:c17770a62a71718a74b7548098a74cd6880be16bcfff5f937f900ead90ca8e92",
                "sha256:c67db410508b9de9c4694c57ed754b65a460e4812126e87f5052ecf23a011a54",
                "sha256:d78ca526a559fb84faaaf84da2dd4addef5edb109db8b81677c0bb1aad342601",
                "sha256:e9ed59d1b6ee837f4515b9584f3d26cf0388b742a11ecdae0d9237a94505d03a",
                "sha256:f054b020c4d7e9786ae0404278ea318768eb123403b18453e28e47cdb7a0a4bf",
                "sha256:f372d0f08eff1475ef426344efe42493f71f377ec52237bf153c5713de987251",
                "sha256:f3f6a6034140e9e17e9abc175fc7a266a6e63652028e157750bd98e804a8ed9a",
                "sha256:ffde4c6fabb52891d81606411cbfaf77756e3b561b566efd270b3ed3791fde4e"
            ],
            "index": "pypi",
            "version": "==9.1.1"
        },
        "pyinstaller": {
            "hashes": [
                "sha256:29b3f17d75ff58b12db7b0116df1b3382c8345aefd500a177987eaf0599dec03",
                "sha256:3c9bc373b4a4bf6d81b306b9918e290a3de582d7b50a0f6f4e837970a4db0c54",
                "sha256:588f2840c27a8a7e1b1fa361f107a1060c5096b36d3c94c243b23687ee41609d",
                "sha256:9596c70c860cbce19537354db95b180351959b4cd14a70db6ab1d1432668c313",
                "sha256:996e296d1dfe27c3e89efc26dbcc247f49c0801a9b5e22e2b39f5b983cf5c2f5",
                "sha256:a90ee3181c88aed0893bf537a50ad547655f5d555a5b731215a5fe1946d2f3db",
                "sha256:ac003d49bbd62f6712b5631487049cee4f0a07445dd31c6d05e5724e33689fca",
                "sha256:c421b46ebf81ad4498de480640ce1a47ac15dfd3938dfc2e1c0846cb5cdb0c59",
                "sha256:d3852c1f8fe6ca2f5c7942c845dc6d1f6140aa7860fe3500eac3ac88875d1dd4",
                "sha256:d8bfe5c32b4b5aaa91a5c1c7912fe3e5d13e7671f3468ee7742ec71ca192a975",
                "sha256:f786cb013ebfd3fb23ddb46285902663e31256220b12b368f8c36e859a77ebc9"
            ],
            "index": "pypi",
            "version": "==5.1"
        },
        "pyinstaller-hooks-contrib": {
            "hashes": [
                "sha256:90a05207ceea2f8c166f12c3add46e24c0ed6a78234e5f99320f8683d56e0dec",
                "sha256:d0ff4c13eda0104db6eb43c60641c19cdf2bc2d6a2a1f0855d26629c3dacc8b7"
            ],
            "markers": "python_version >= '3.7'",
            "version": "==2022.5"
        },
        "pyqt5": {
            "hashes": [
                "sha256:213bebd51821ed89b4d5b35bb10dbe67564228b3568f463a351a08e8b1677025",
                "sha256:2a69597e0dd11caabe75fae133feca66387819fc9bc050f547e5551bce97e5be",
                "sha256:883a549382fc22d29a0568f3ef20b38c8e7ab633a59498ac4eb63a3bf36d3fd3",
                "sha256:8c0848ba790a895801d5bfd171da31cad3e551dbcc4e59677a3b622de2ceca98",
                "sha256:a88526a271e846e44779bb9ad7a738c6d3c4a9d01e15a128ecfc6dd4696393b7"
            ],
            "index": "pypi",
            "version": "==5.15.4"
        },
        "pyqt5-plugins": {
            "hashes": [
                "sha256:18c3f128bd3beb7101a0bd1b534864f7a3ab6186fbd304badf173d4c19d7dfdb",
                "sha256:259fa77a3acf3aaec4aee2423afbd5250e7147da4268ba019bec4d99825ad374",
                "sha256:3f42ce1cfb23994bab8fb9c1817665c1eac4c3a0c05b9e1c9e57088d40e58897",
                "sha256:744b880206fe8bab5567684f195c7d725f2b84dc30a812586bfdd3cca0ef1dcc",
                "sha256:75958c4270ace18198768987380079e33d30561f5f723b8a1951a3134a7cc793",
                "sha256:782f198cd8f1684ebfa5c7e41ef2346970e55d5fcab3e38bb303a8db67ec7167",
                "sha256:7894a4a56890d104ca0764db4bf380a67cf21e3ecbd7d451f07147f75c52e31f",
                "sha256:8d053e82015fa54d73a4690dcd732149c4fe467fb0d414376c3bce73e9d9d510",
                "sha256:97685a20671f2fd0f21686aa6269291f247917d69bc2e0f53059f6998e586b4a",
                "sha256:9f4cbc8719032d0531b42c1eb42e2a63ccd6666741c5ead856847049790202a0",
                "sha256:a613746870a0a7179777c4d8e2ec4ec247114e6cdb36d493f24cc60347216fd0",
                "sha256:b03601596dd2105f23fb0864a07f8202d48d69859c1f23852b572d4286f07584",
                "sha256:d7c9440f39265b6c3f45ce0af96ee63f59c664e3c02581f251bbd204d874d121",
                "sha256:e3ef8949e4344ba59b277bbaae88fac41f051dbcca77a0c9da0e085a1a5f4904",
                "sha256:ed93fa9ea6430d8a1bad3834d5c47b46b77dd4d0143f13afc485bfbedaad6afc",
                "sha256:f6891a24688026050c92445c9b47cb0b676359588309f7f6a6a2666d4a677262"
            ],
            "markers": "python_version >= '3.5'",
            "version": "==5.15.4.2.2"
        },
        "pyqt5-qt5": {
            "hashes": [
                "sha256:1988f364ec8caf87a6ee5d5a3a5210d57539988bf8e84714c7d60972692e2f4a",
                "sha256:750b78e4dba6bdf1607febedc08738e318ea09e9b10aea9ff0d73073f11f6962",
                "sha256:76980cd3d7ae87e3c7a33bfebfaee84448fd650bad6840471d6cae199b56e154",
                "sha256:9cc7a768b1921f4b982ebc00a318ccb38578e44e45316c7a4a850e953e1dd327"
            ],
            "version": "==5.15.2"
        },
        "pyqt5-sip": {
            "hashes": [
                "sha256:023de82b23a7e97369588dd6e411dd2bfbedbbcfb4c7f9c2ecaa9e29fc46a81e",
                "sha256:087a7c0ebff00bca73788588b61b50063e17fcdb26977317d1785cb241a66a56",
                "sha256:0ba8c0751b46561542b5a6bb1b703faad10a205d9375ebc607b1c9f858bfe5b1",
                "sha256:2378bda30ee2b7a568086952658ba8daad8f0f71fc335f696423ee9b3b4028db",
                "sha256:3a92bd103dad59c2bfbb1062420c2e7bcf134dfce800f6a8c9964c99a590162d",
                "sha256:5e8472a959ec85f94d4810326505076b55eb4d8b2e08dbd5d87bd1907c59680c",
                "sha256:8024347c865a7f0c6581b460cc18dbea1c401733300bc3cb76f74c9432a2b0ae",
                "sha256:8504991216ff94ca1eaba39a6e6497e6ed860f1fc659f6c14ebfccf43733c02f",
                "sha256:90f8cde3b446799800bc7c2d89a4fef5d8316d9f4c2f06daf4f6976d1c68fdfa",
                "sha256:97e008795c453488f51a5c97dbff29cda7841afb1ca842c9e819d8e6cc0ae724",
                "sha256:a345bed4112d44705340e4033a2abc66d8dbd4afd62f3a9aa69253f15718df53",
                "sha256:a83c7ba53e04e05cf1bcd18639080dd44196cf248773f34b1e9b831c11a1e198",
                "sha256:b2852df169f349e37999fc425f2d0abd004d09219354a55d3b4c6dd574b3fe84",
                "sha256:ba89547fc54403bbdcb7ee6066098d02d18d813f29b7de2434043a357bb79f6b",
                "sha256:d31f6f05777c8ee0828daeb5cb4a15d4124c63d94cacb07faa2dbc79f72209ea",
                "sha256:dda92bfaee40fd612c6b1e2614570d6acc8ec63032c6fd45d5e66badd18d387c",
                "sha256:e70c961eb982cfc866a988cfe4fab16741d480d885203e04b539ecf32b53c6b7"
            ],
            "markers": "python_version >= '3.7'",
            "version": "==12.10.1"
        },
        "pyqt5-tools": {
            "hashes": [
                "sha256:ffed39e0f5185ca155acf01195bcad1d505743a02ce1e9b8128571a78e014efa"
            ],
            "index": "pypi",
            "version": "==5.15.4.3.2"
        },
        "python-dotenv": {
            "hashes": [
                "sha256:b7e3b04a59693c42c36f9ab1cc2acc46fa5df8c78e178fc33a8d4cd05c8d498f",
                "sha256:d92a187be61fe482e4fd675b6d52200e7be63a12b724abbf931a40ce4fa92938"
            ],
            "markers": "python_version >= '3.5'",
            "version": "==0.20.0"
        },
        "pywin32-ctypes": {
            "hashes": [
                "sha256:24ffc3b341d457d48e8922352130cf2644024a4ff09762a2261fd34c36ee5942",
                "sha256:9dc2d991b3479cc2df15930958b674a48a227d5361d413827a4cfd0b5876fc98"
            ],
            "markers": "sys_platform == 'win32'",
            "version": "==0.2.0"
        },
        "qt5-applications": {
            "hashes": [
                "sha256:068f920b1d362baf11636a6a9df1ba2e6c99e98f429dd1eba91fba8fd621d874",
                "sha256:8e4c9fca09337ce8eb36f0c0b9398ea1b887c6bedc9024bac26b5c4a6abbbe43",
                "sha256:b6269454e6c26021e127aa6e7462058491f068d852401c99cdebe9c94246d9d2",
                "sha256:c0baa4524ceb7be7a1dcab0251bed361a8353fd13d17d0c57bd20ea0d3924137"
            ],
            "markers": "python_version >= '3.5'",
            "version": "==5.15.2.2.2"
        },
        "qt5-tools": {
            "hashes": [
                "sha256:5b1bb4d09e9e13a4a59463aae0a078cae6f90eaae061afdddb38b89a996dc475"
            ],
            "markers": "python_version >= '3.5'",
            "version": "==5.15.2.1.2"
        },
        "setuptools": {
            "hashes": [
                "sha256:68e45d17c9281ba25dc0104eadd2647172b3472d9e01f911efa57965e8d51a36",
                "sha256:a43bdedf853c670e5fed28e5623403bad2f73cf02f9a2774e91def6bda8265a7"
            ],
            "markers": "python_version >= '3.7'",
            "version": "==62.3.2"
        }
    },
    "develop": {}
}
